<?xml version="1.0" encoding="utf-8"?>
<Project ToolsVersion="4.0" xmlns="http://schemas.microsoft.com/developer/msbuild/2003">
  <ItemGroup>
    <Filter Include="Source Files">
      <UniqueIdentifier>{4FC737F1-C7A5-4376-A066-2A32D752A2FF}</UniqueIdentifier>
      <Extensions>cpp;c;cc;cxx;def;odl;idl;hpj;bat;asm;asmx</Extensions>
    </Filter>
    <Filter Include="Header Files">
      <UniqueIdentifier>{93995380-89BD-4b04-88EB-625FBE52EBFB}</UniqueIdentifier>
      <Extensions>h;hpp;hxx;hm;inl;inc;xsd</Extensions>
    </Filter>
    <Filter Include="Resource Files">
      <UniqueIdentifier>{67DA6AB6-F800-4c08-8B7A-83BB121AAD01}</UniqueIdentifier>
      <Extensions>rc;ico;cur;bmp;dlg;rc2;rct;bin;rgs;gif;jpg;jpeg;jpe;resx;tiff;tif;png;wav;mfcribbon-ms</Extensions>
    </Filter>
    <Filter Include="Header Files\System.Text.RegularExpressions">
      <UniqueIdentifier>{2699f5dc-a4bd-48ea-9952-687ba60833ae}</UniqueIdentifier>
    </Filter>
    <Filter Include="Source Files\System.Text.RegularExpressions">
      <UniqueIdentifier>{8faa998b-bd81-4edf-a148-c321aa2573d6}</UniqueIdentifier>
    </Filter>
    <Filter Include="Header Files\System.Text.RegularExpressions.Syntax">
      <UniqueIdentifier>{d96b184b-d051-4671-a41d-13c6e6007ef3}</UniqueIdentifier>
    </Filter>
    <Filter Include="Source Files\System.Text.RegularExpressions.Syntax">
      <UniqueIdentifier>{744852cd-54cb-4238-943a-622a7545a01b}</UniqueIdentifier>
    </Filter>
  </ItemGroup>
  <ItemGroup>
    <ClInclude Include="pch.h">
      <Filter>Header Files</Filter>
    </ClInclude>
    <ClInclude Include="System.Text.RegularExpressions.Cache.h">
      <Filter>Header Files\System.Text.RegularExpressions</Filter>
    </ClInclude>
    <ClInclude Include="System.Text.RegularExpressions.IMachineFactory.h">
      <Filter>Header Files\System.Text.RegularExpressions</Filter>
    </ClInclude>
    <ClInclude Include="System.Text.RegularExpressions.Regex.h">
      <Filter>Header Files\System.Text.RegularExpressions</Filter>
    </ClInclude>
    <ClInclude Include="System.Text.RegularExpressions.RegexOptions.h">
      <Filter>Header Files\System.Text.RegularExpressions</Filter>
    </ClInclude>
    <ClInclude Include="System.Text.RegularExpressions.Syntax.Parser.h">
      <Filter>Header Files\System.Text.RegularExpressions.Syntax</Filter>
    </ClInclude>
    <ClInclude Include="System.Text.RegularExpressions.Syntax.RegularExpression.h">
      <Filter>Header Files\System.Text.RegularExpressions.Syntax</Filter>
    </ClInclude>
    <ClInclude Include="System.Text.RegularExpressions.Syntax.ExpressionCollection.h">
      <Filter>Header Files\System.Text.RegularExpressions.Syntax</Filter>
    </ClInclude>
    <ClInclude Include="System.Text.RegularExpressions.RxCompiler.h">
      <Filter>Header Files\System.Text.RegularExpressions</Filter>
    </ClInclude>
    <ClInclude Include="System.Text.RegularExpressions.RxOp.h">
      <Filter>Header Files\System.Text.RegularExpressions</Filter>
    </ClInclude>
    <ClInclude Include="System.Text.RegularExpressions.Syntax.Expression.h">
      <Filter>Header Files\System.Text.RegularExpressions.Syntax</Filter>
    </ClInclude>
    <ClInclude Include="System.Text.RegularExpressions.Syntax.CompositeExpression.h">
      <Filter>Header Files\System.Text.RegularExpressions.Syntax</Filter>
    </ClInclude>
    <ClInclude Include="System.Text.RegularExpressions.Syntax.Group.h">
      <Filter>Header Files\System.Text.RegularExpressions.Syntax</Filter>
    </ClInclude>
    <ClInclude Include="System.Text.RegularExpressions.Syntax.AnchorInfo.h">
      <Filter>Header Files\System.Text.RegularExpressions.Syntax</Filter>
    </ClInclude>
    <ClInclude Include="System.Text.RegularExpressions.ICompiler.h">
      <Filter>Header Files\System.Text.RegularExpressions</Filter>
    </ClInclude>
    <ClInclude Include="System.Text.RegularExpressions.Position.h">
      <Filter>Header Files\System.Text.RegularExpressions</Filter>
    </ClInclude>
    <ClInclude Include="System.Text.RegularExpressions.Syntax.Assertion.h">
      <Filter>Header Files\System.Text.RegularExpressions.Syntax</Filter>
    </ClInclude>
    <ClInclude Include="System.Text.RegularExpressions.h">
      <Filter>Header Files\System.Text.RegularExpressions</Filter>
    </ClInclude>
    <ClInclude Include="System.Text.RegularExpressions.RxInterpreter.h">
      <Filter>Header Files\System.Text.RegularExpressions</Filter>
    </ClInclude>
    <ClInclude Include="System.Text.RegularExpressions.Syntax.CapturingGroup.h">
      <Filter>Header Files\System.Text.RegularExpressions.Syntax</Filter>
    </ClInclude>
    <ClInclude Include="System.Text.RegularExpressions.Capture.h">
      <Filter>Header Files\System.Text.RegularExpressions</Filter>
    </ClInclude>
  </ItemGroup>
  <ItemGroup>
    <ClCompile Include="pch.cpp">
      <Filter>Source Files</Filter>
    </ClCompile>
    <ClCompile Include="System.Text.RegularExpressions.Cache.cpp">
      <Filter>Source Files\System.Text.RegularExpressions</Filter>
    </ClCompile>
    <ClCompile Include="System.Text.RegularExpressions.Regex.cpp">
      <Filter>Source Files\System.Text.RegularExpressions</Filter>
    </ClCompile>
    <ClCompile Include="System.Text.RegularExpressions.Syntax.Parser.cpp">
      <Filter>Source Files\System.Text.RegularExpressions.Syntax</Filter>
    </ClCompile>
    <ClCompile Include="System.Text.RegularExpressions.Syntax.RegularExpression.cpp">
      <Filter>Source Files\System.Text.RegularExpressions.Syntax</Filter>
    </ClCompile>
    <ClCompile Include="System.Text.RegularExpressions.Syntax.ExpressionCollection.cpp">
      <Filter>Source Files\System.Text.RegularExpressions.Syntax</Filter>
    </ClCompile>
    <ClCompile Include="System.Text.RegularExpressions.RxCompiler.cpp">
      <Filter>Source Files\System.Text.RegularExpressions</Filter>
    </ClCompile>
    <ClCompile Include="System.Text.RegularExpressions.Syntax.Expression.cpp">
      <Filter>Source Files\System.Text.RegularExpressions.Syntax</Filter>
    </ClCompile>
    <ClCompile Include="System.Text.RegularExpressions.Syntax.CompositeExpression.cpp">
      <Filter>Source Files\System.Text.RegularExpressions.Syntax</Filter>
    </ClCompile>
    <ClCompile Include="System.Text.RegularExpressions.Syntax.Group.cpp">
      <Filter>Source Files\System.Text.RegularExpressions.Syntax</Filter>
    </ClCompile>
    <ClCompile Include="System.Text.RegularExpressions.Syntax.AnchorInfo.cpp">
      <Filter>Source Files\System.Text.RegularExpressions.Syntax</Filter>
    </ClCompile>
    <ClCompile Include="System.Text.RegularExpressions.Syntax.Assertion.cpp">
      <Filter>Source Files\System.Text.RegularExpressions.Syntax</Filter>
    </ClCompile>
    <ClCompile Include="System.Text.RegularExpressions.RxInterpreter.cpp">
      <Filter>Source Files\System.Text.RegularExpressions</Filter>
    </ClCompile>
    <ClCompile Include="System.Text.RegularExpressions.Syntax.CapturingGroup.cpp">
      <Filter>Source Files\System.Text.RegularExpressions.Syntax</Filter>
    </ClCompile>
    <ClCompile Include="System.Text.RegularExpressions.Capture.cpp">
      <Filter>Source Files\System.Text.RegularExpressions</Filter>
    </ClCompile>
  </ItemGroup>
</Project>